
Microsoft Visual Studio Solution File, Format Version 12.00
# Visual Studio Version 16
VisualStudioVersion = 16.0.31321.278
MinimumVisualStudioVersion = 10.0.40219.1
Project("{FAE04EC0-301F-11D3-BF4B-00C04F79EFBC}") = "careers.nagwa.com", "careers.nagwa.com\careers.nagwa.com.csproj", "{D68B6084-5CFB-4626-8541-132C181E376F}"
EndProject
Global
	GlobalSection(SolutionConfigurationPlatforms) = preSolution
		Debug|Any CPU = Debug|Any CPU
		Release|Any CPU = Release|Any CPU
	EndGlobalSection
	GlobalSection(ProjectConfigurationPlatforms) = postSolution
		{D68B6084-5CFB-4626-8541-132C181E376F}.Debug|Any CPU.ActiveCfg = Debug|Any CPU
		{D68B6084-5CFB-4626-8541-132C181E376F}.Debug|Any CPU.Build.0 = Debug|Any CPU
		{D68B6084-5CFB-4626-8541-132C181E376F}.Release|Any CPU.ActiveCfg = Release|Any CPU
		{D68B6084-5CFB-4626-8541-132C181E376F}.Release|Any CPU.Build.0 = Release|Any CPU
	EndGlobalSection
	GlobalSection(SolutionProperties) = preSolution
		HideSolutionNode = FALSE
	EndGlobalSection
	GlobalSection(ExtensibilityGlobals) = postSolution
		SolutionGuid = {CC7AF1D8-18F7-48C5-AAF8-2EB6EC926681}
	EndGlobalSection
EndGlobal
